
Microsoft Visual Studio Solution File, Format Version 12.00
# Visual Studio Version 17
VisualStudioVersion = 17.10.34928.147
MinimumVisualStudioVersion = 10.0.40219.1
Project("{9A19103F-16F7-4668-BE54-9A1E7A4F7556}") = "Task1", "HomeWork6\Task1.csproj", "{6240FBD6-930D-4465-915F-AF5CC4256C23}"
EndProject
Project("{9A19103F-16F7-4668-BE54-9A1E7A4F7556}") = "Task2", "Task2\Task2.csproj", "{244577C5-24A0-4011-A298-6BBDB3724F60}"
EndProject
Project("{9A19103F-16F7-4668-BE54-9A1E7A4F7556}") = "Task3Foreach", "Task3\Task3Foreach.csproj", "{D4F89B4A-3F98-4ED3-BBB8-2CA4E65103DB}"
EndProject
Project("{FAE04EC0-301F-11D3-BF4B-00C04F79EFBC}") = "Task3For", "Task4\Task3For.csproj", "{F23C146A-0113-4646-B31F-0D3B8EB255EC}"
EndProject
Global
	GlobalSection(SolutionConfigurationPlatforms) = preSolution
		Debug|Any CPU = Debug|Any CPU
		Release|Any CPU = Release|Any CPU
	EndGlobalSection
	GlobalSection(ProjectConfigurationPlatforms) = postSolution
		{6240FBD6-930D-4465-915F-AF5CC4256C23}.Debug|Any CPU.ActiveCfg = Debug|Any CPU
		{6240FBD6-930D-4465-915F-AF5CC4256C23}.Debug|Any CPU.Build.0 = Debug|Any CPU
		{6240FBD6-930D-4465-915F-AF5CC4256C23}.Release|Any CPU.ActiveCfg = Release|Any CPU
		{6240FBD6-930D-4465-915F-AF5CC4256C23}.Release|Any CPU.Build.0 = Release|Any CPU
		{244577C5-24A0-4011-A298-6BBDB3724F60}.Debug|Any CPU.ActiveCfg = Debug|Any CPU
		{244577C5-24A0-4011-A298-6BBDB3724F60}.Debug|Any CPU.Build.0 = Debug|Any CPU
		{244577C5-24A0-4011-A298-6BBDB3724F60}.Release|Any CPU.ActiveCfg = Release|Any CPU
		{244577C5-24A0-4011-A298-6BBDB3724F60}.Release|Any CPU.Build.0 = Release|Any CPU
		{D4F89B4A-3F98-4ED3-BBB8-2CA4E65103DB}.Debug|Any CPU.ActiveCfg = Debug|Any CPU
		{D4F89B4A-3F98-4ED3-BBB8-2CA4E65103DB}.Debug|Any CPU.Build.0 = Debug|Any CPU
		{D4F89B4A-3F98-4ED3-BBB8-2CA4E65103DB}.Release|Any CPU.ActiveCfg = Release|Any CPU
		{D4F89B4A-3F98-4ED3-BBB8-2CA4E65103DB}.Release|Any CPU.Build.0 = Release|Any CPU
		{F23C146A-0113-4646-B31F-0D3B8EB255EC}.Debug|Any CPU.ActiveCfg = Debug|Any CPU
		{F23C146A-0113-4646-B31F-0D3B8EB255EC}.Debug|Any CPU.Build.0 = Debug|Any CPU
		{F23C146A-0113-4646-B31F-0D3B8EB255EC}.Release|Any CPU.ActiveCfg = Release|Any CPU
		{F23C146A-0113-4646-B31F-0D3B8EB255EC}.Release|Any CPU.Build.0 = Release|Any CPU
	EndGlobalSection
	GlobalSection(SolutionProperties) = preSolution
		HideSolutionNode = FALSE
	EndGlobalSection
	GlobalSection(ExtensibilityGlobals) = postSolution
		SolutionGuid = {2BA40627-E670-4149-B09A-5038DB789C55}
	EndGlobalSection
EndGlobal
